<?xml version="1.0" encoding="utf-8"?>
<Project ToolsVersion="4.0" xmlns="http://schemas.microsoft.com/developer/msbuild/2003">
  <ItemGroup>
    <Filter Include="资源文件">
      <UniqueIdentifier>{67DA6AB6-F800-4c08-8B7A-83BB121AAD01}</UniqueIdentifier>
      <Extensions>rc;ico;cur;bmp;dlg;rc2;rct;bin;rgs;gif;jpg;jpeg;jpe;resx;tiff;tif;png;wav</Extensions>
    </Filter>
  </ItemGroup>
  <ItemGroup>
    <ClCompile Include="connection.cpp" />
    <ClCompile Include="event_dispatch.cpp" />
    <ClCompile Include="message.cpp" />
    <ClCompile Include="network_config.cpp" />
    <ClCompile Include="pack.cpp" />
    <ClCompile Include="socket.cpp" />
    <ClCompile Include="xconnection.cpp" />
    <ClCompile Include="xconnection_impl.cpp" />
    <ClCompile Include="xconnection_sdk.cpp" />
    <ClCompile Include="xmessage_impl.cpp" />
  </ItemGroup>
  <ItemGroup>
    <ClInclude Include="connection.h" />
    <ClInclude Include="event_dispatch.h" />
    <ClInclude Include="message.h" />
    <ClInclude Include="network_config.h" />
    <ClInclude Include="pack.h" />
    <ClInclude Include="socket.h" />
    <ClInclude Include="xconnection.h" />
    <ClInclude Include="xconnection_common.h" />
    <ClInclude Include="xconnection_impl.h" />
    <ClInclude Include="..\..\include\xconnection_intf.h" />
    <ClInclude Include="xconnection_sdk.h" />
    <ClInclude Include="xmessage_impl.h" />
    <ClInclude Include="..\..\include\xmessage_intf.h" />
  </ItemGroup>
  <ItemGroup>
    <None Include="xconnect.def" />
  </ItemGroup>
</Project>