<?xml version="1.0" encoding="utf-8"?>
<Project ToolsVersion="4.0" xmlns="http://schemas.microsoft.com/developer/msbuild/2003">
  <ItemGroup>
    <Filter Include="资源文件">
      <UniqueIdentifier>{67DA6AB6-F800-4c08-8B7A-83BB121AAD01}</UniqueIdentifier>
      <Extensions>rc;ico;cur;bmp;dlg;rc2;rct;bin;rgs;gif;jpg;jpeg;jpe;resx;tiff;tif;png;wav</Extensions>
    </Filter>
  </ItemGroup>
  <ItemGroup>
    <ClInclude Include="binary_buff.h" />
    <ClInclude Include="event.h" />
    <ClInclude Include="mutex.h" />
    <ClInclude Include="os_common.h" />
    <ClInclude Include="ref_counted.h" />
    <ClInclude Include="ring_queue.h" />
    <ClInclude Include="thread.h" />
    <ClInclude Include="util.h" />
    <ClInclude Include="xbase_export.h" />
    <ClInclude Include="xml.h" />
  </ItemGroup>
  <ItemGroup>
    <ClCompile Include="thread.cpp" />
    <ClCompile Include="xml.cpp" />
  </ItemGroup>
</Project>